# THIS IS AN AUTOGENERATED FILE. DO NOT EDIT THIS FILE DIRECTLY.
# yarn lockfile v1


jquery@x.*:
  version "3.3.1"
  resolved "http://registry.npm.taobao.org/jquery/download/jquery-3.3.1.tgz#958ce29e81c9790f31be7792df5d4d95fc57fbca"

semantic-ui-css@^2.3.0:
  version "2.3.0"
  resolved "http://registry.npm.taobao.org/semantic-ui-css/download/semantic-ui-css-2.3.0.tgz#e96d0d4069499eafff9ba0c84274bc23d2b084e7"
  dependencies:
    jquery x.*
